%{"con_cache": {:hex, :con_cache, "0.11.1", "acbe5a1d10c47faba30d9629c9121e1ef9bca0aa5eddbb86f4e777bd9f9f9b6f", [:mix], [{:exactor, "~> 2.2.0", [hex: :exactor, optional: false]}]},
  "dialyxir": {:hex, :dialyxir, "0.4.0", "53ac3014bb4aef647728a697052b4db3a84c6742de7aab0e0a1c863ea274007b", [:mix], []},
  "earmark": {:hex, :earmark, "1.0.3", "89bdbaf2aca8bbb5c97d8b3b55c5dd0cff517ecc78d417e87f1d0982e514557b", [:mix], []},
  "ex_doc": {:hex, :ex_doc, "0.14.3", "e61cec6cf9731d7d23d254266ab06ac1decbb7651c3d1568402ec535d387b6f7", [:mix], [{:earmark, "~> 1.0", [hex: :earmark, optional: false]}]},
  "exactor": {:hex, :exactor, "2.2.2", "90b27d72c05614801a60f8400afd4e4346dfc33ea9beffe3b98a794891d2ff96", [:mix], []}}
